
Microsoft Visual Studio Solution File, Format Version 12.00
# Visual Studio Version 16
VisualStudioVersion = 16.0.29324.140
MinimumVisualStudioVersion = 10.0.40219.1
Project("{FAE04EC0-301F-11D3-BF4B-00C04F79EFBC}") = "Core-KeyVault-Console", "Core-KeyVault-Console.csproj", "{CC036C4C-1CD1-4AAD-9622-3DC21F620301}"
EndProject
Global
	GlobalSection(SolutionConfigurationPlatforms) = preSolution
		Debug|Any CPU = Debug|Any CPU
		Release|Any CPU = Release|Any CPU
	EndGlobalSection
	GlobalSection(ProjectConfigurationPlatforms) = postSolution
		{CC036C4C-1CD1-4AAD-9622-3DC21F620301}.Debug|Any CPU.ActiveCfg = Debug|Any CPU
		{CC036C4C-1CD1-4AAD-9622-3DC21F620301}.Debug|Any CPU.Build.0 = Debug|Any CPU
		{CC036C4C-1CD1-4AAD-9622-3DC21F620301}.Release|Any CPU.ActiveCfg = Release|Any CPU
		{CC036C4C-1CD1-4AAD-9622-3DC21F620301}.Release|Any CPU.Build.0 = Release|Any CPU
	EndGlobalSection
	GlobalSection(SolutionProperties) = preSolution
		HideSolutionNode = FALSE
	EndGlobalSection
	GlobalSection(ExtensibilityGlobals) = postSolution
		SolutionGuid = {9642553D-0E28-4FC3-8F79-B169896B9D08}
	EndGlobalSection
EndGlobal
